
Microsoft Visual Studio Solution File, Format Version 12.00
# Visual Studio 15
VisualStudioVersion = 15.0.28307.645
MinimumVisualStudioVersion = 10.0.40219.1
Project("{FAE04EC0-301F-11D3-BF4B-00C04F79EFBC}") = "TestEtsy", "TestEtsy\TestEtsy.csproj", "{FD2DD352-04BC-4D22-96CD-1711CD05ED76}"
EndProject
Global
	GlobalSection(SolutionConfigurationPlatforms) = preSolution
		Debug|Any CPU = Debug|Any CPU
		Release|Any CPU = Release|Any CPU
	EndGlobalSection
	GlobalSection(ProjectConfigurationPlatforms) = postSolution
		{FD2DD352-04BC-4D22-96CD-1711CD05ED76}.Debug|Any CPU.ActiveCfg = Debug|Any CPU
		{FD2DD352-04BC-4D22-96CD-1711CD05ED76}.Debug|Any CPU.Build.0 = Debug|Any CPU
		{FD2DD352-04BC-4D22-96CD-1711CD05ED76}.Release|Any CPU.ActiveCfg = Release|Any CPU
		{FD2DD352-04BC-4D22-96CD-1711CD05ED76}.Release|Any CPU.Build.0 = Release|Any CPU
	EndGlobalSection
	GlobalSection(SolutionProperties) = preSolution
		HideSolutionNode = FALSE
	EndGlobalSection
	GlobalSection(ExtensibilityGlobals) = postSolution
		SolutionGuid = {D70EDDA9-CB30-4D33-B074-C9E6A9CB3453}
	EndGlobalSection
EndGlobal
